dependencies:
  espressif/esp-dsp:
    component_hash: a9a1e516033ce2ea63e6286cc227d8ecb87769d628dcc6394b4e024311ac64b9
    source:
      service_url: https://api.components.espressif.com/
      type: service
    version: 1.3.0
  idf:
    component_hash: null
    source:
      type: idf
    version: 5.0.0
manifest_hash: 7aff3dc62f070a8a35fa25dd536a5c5e5ca123de6fbd72e6a9b5b84a56e3ac6d
target: esp32
version: 1.0.0
